
Microsoft Visual Studio Solution File, Format Version 12.00
# Visual Studio Version 17
VisualStudioVersion = 17.14.37411.7 d17.14
MinimumVisualStudioVersion = 10.0.40219.1
Project("{FAE04EC0-301F-11D3-BF4B-00C04F79EFBC}") = "HelpDesk.Api", "HelpDesk.Api\HelpDesk.Api.csproj", "{45BF30B4-FC07-4484-B6CD-B5556128BE48}"
EndProject
Global
	GlobalSection(SolutionConfigurationPlatforms) = preSolution
		Debug|Any CPU = Debug|Any CPU
		Release|Any CPU = Release|Any CPU
	EndGlobalSection
	GlobalSection(ProjectConfigurationPlatforms) = postSolution
		{45BF30B4-FC07-4484-B6CD-B5556128BE48}.Debug|Any CPU.ActiveCfg = Debug|Any CPU
		{45BF30B4-FC07-4484-B6CD-B5556128BE48}.Debug|Any CPU.Build.0 = Debug|Any CPU
		{45BF30B4-FC07-4484-B6CD-B5556128BE48}.Release|Any CPU.ActiveCfg = Release|Any CPU
		{45BF30B4-FC07-4484-B6CD-B5556128BE48}.Release|Any CPU.Build.0 = Release|Any CPU
	EndGlobalSection
	GlobalSection(SolutionProperties) = preSolution
		HideSolutionNode = FALSE
	EndGlobalSection
	GlobalSection(ExtensibilityGlobals) = postSolution
		SolutionGuid = {D91B08EB-BD85-490F-AE90-90A72AEE22C7}
	EndGlobalSection
EndGlobal
